github.com/Masterminds/semver v1.4.2 h1:WBLTQ37jOCzSLtXNdoo8bNM8876KhNqOKvrlGITgsTc=
github.com/Masterminds/semver v1.4.2/go.mod h1:MB6lktGJrhw8PrUyiEoblNEGEQ+RzHPF078ddwwvV3Y=
github.com/btcsuite/btcutil v0.0.0-20190316010144-3ac1210f4b38 h1:GbQHMJ2u/geMPV1tbN7i7zARSoPAPuXWa44V0KYvJXU=
github.com/btcsuite/btcutil v0.0.0-20190316010144-3ac1210f4b38/go.mod h1:+5NJ2+qvTyV9exUAL/rxXi3DcLg2Ts+ymUAY5y4NvMg=
github.com/davecgh/go-spew v1.1.0 h1:ZDRjVQ15GmhC3fiQ8ni8+OwkZQO4DARzQgrnXU1Liz8=
github.com/davecgh/go-spew v1.1.0/go.mod h1:J7Y8YcW2NihsgmVo/mv3lAwl/skON4iLHjSsI+c5H38=
github.com/ethereum/go-ethereum v1.8.26 h1:zjBSKqHZ7Mxo5swJQOW4V1CCmWwKnMLidP2+gaYwcbo=
github.com/ethereum/go-ethereum v1.8.26/go.mod h1:PwpWDrCLZrV+tfrhqqF6kPknbISMHaJv9Ln3kPCZLwY=
github.com/lib/pq v1.0.0 h1:X5PMW56eZitiTeO7tKzZxFCSpbFZJtkMMooicw2us9A=
github.com/lib/pq v1.0.0/go.mod h1:5WUZQaWbwv1U+lTReE5YruASi9Al49XbQIvNi/34Woo=
github.com/pascaldekloe/colfer v1.7.2 h1:K3aL8f7EwPZFSVqw0O1G5SF0QJr1UKmxXy6w1qi5BP0=
github.com/pascaldekloe/colfer v1.7.2/go.mod h1:PhNrW/fveA4p0SoVhCSE3ZxXvWvGRHll2uIaYD9VnUo=
github.com/pascaldekloe/name v0.0.0-20180628100202-0fd16699aae1 h1:/I3lTljEEDNYLho3/FUB7iD/oc2cEFgVmbHzV+O0PtU=
github.com/pascaldekloe/name v0.0.0-20180628100202-0fd16699aae1/go.mod h1:eD5JxqMiuNYyFNmyY9rkJ/slN8y59oEu4Ei7F8OoKWQ=
github.com/pkg/errors v0.8.1 h1:iURUrRGxPUNPdy5/HRSm+Yj6okJ6UtLINN0Q9M4+h3I=
github.com/pkg/errors v0.8.1/go.mod h1:bwawxfHBFNV+L2hUp1rHADufV3IMtnDRdf1r5NINEl0=
github.com/pmezard/go-difflib v1.0.0 h1:4DBwDE0NGyQoBHbLQYPwSUPoCMWR5BEzIk/f1lZbAQM=
github.com/pmezard/go-difflib v1.0.0/go.mod h1:iKH77koFhYxTK1pcRnkKkqfTogsbg7gZNVY4sRDYZ/4=
github.com/pquerna/ffjson v0.0.0-20181028064349-e517b90714f7 h1:gGBSHPOU7g8YjTbhwn+lvFm2VDEhhA+PwDIlstkgSxE=
github.com/pquerna/ffjson v0.0.0-20181028064349-e517b90714f7/go.mod h1:YARuvh7BUWHNhzDq2OM5tzR2RiCcN2D7sapiKyCel/M=
github.com/stellar/go v0.0.0-20190412203019-6147ce7d857b h1:pY11F7BZxDMO5a/Olin89jfq8mHtXS3A/JzHXGn9Rbc=
github.com/stellar/go v0.0.0-20190412203019-6147ce7d857b/go.mod h1:Kkro8X6IWn/5XtSicGd6N2LZKMKUCWS5wS5Ctjh6+Vw=
github.com/stellar/go-xdr v0.0.0-20180917104419-0bc96f33a18e h1:n/hfey8pO+RYMoGXyvyzuw5pdO8IFDoyAL/g5OiCesY=
github.com/stellar/go-xdr v0.0.0-20180917104419-0bc96f33a18e/go.mod h1:gpOLVzy6TVYTQ3LvHSN9RJC700FkhFCpSE82u37aNRM=
github.com/stretchr/objx v0.1.0/go.mod h1:HFkY916IF+rwdDfMAkV7OtwuqBVzrE8GR6GFx+wExME=
github.com/stretchr/testify v1.3.0 h1:TivCn/peBQ7UY8ooIcPgZFpTNSz0Q2U6UrFlUfqbe0Q=
github.com/stretchr/testify v1.3.0/go.mod h1:M5WIy9Dh21IEIfnGCwXGc5bZfKNJtfHm1UVUgZn+9EI=
golang.org/x/crypto v0.0.0-20190308221718-c2843e01d9a2 h1:VklqNMn3ovrHsnt90PveolxSbWFaJdECFbxSq0Mqo2M=
golang.org/x/crypto v0.0.0-20190308221718-c2843e01d9a2/go.mod h1:djNgcEr1/C05ACkg1iLfiJU5Ep61QUkGW8qpdssI0+w=
golang.org/x/net v0.0.0-20190311183353-d8887717615a/go.mod h1:t9HGtf8HONx5eT2rtn7q6eTqICYqUVnKs3thJo3Qplg=
golang.org/x/sys v0.0.0-20190215142949-d0b11bdaac8a/go.mod h1:STP8DvDyc/dI5b8T5hshtkjS+E42TnysNCUPdjciGhY=
golang.org/x/text v0.3.0/go.mod h1:NqM8EUOU14njkJ3fqMW+pc6Ldnwhi/IjpwHt7yyuwOQ=
golang.org/x/tools v0.0.0-20190411180116-681f9ce8ac52 h1:9RlW/mHPSeoxtqVWkJ7ZugoTFX8WFZRzmCep/niCbtU=
golang.org/x/tools v0.0.0-20190411180116-681f9ce8ac52/go.mod h1:LCzVGOaR6xXOjkQ3onu1FJEFr0SW1gC7cKk1uF8kGRs=
